Microsoft Visual Studio Solution File, Format Version 12.00
# Visual Studio Version 17
VisualStudioVersion = 17.0.31903.59
MinimumVisualStudioVersion = 10.0.40219.1
Project("{9A19103F-16F7-4668-BE54-9A1E7A4F7556}") = "ResumeTemplateService.Api", "src\ResumeTemplateService.Api\ResumeTemplateService.Api.csproj", "{A1E7B8C1-2D3E-4F5A-6B7C-8D9E0F1A2B3C}"
EndProject
Project("{9A19103F-16F7-4668-BE54-9A1E7A4F7556}") = "ResumeTemplateService.Application", "src\ResumeTemplateService.Application\ResumeTemplateService.Application.csproj", "{B2F8C9D2-3E4F-5A6B-7C8D-9E0F1A2B3C4D}"
EndProject
Project("{9A19103F-16F7-4668-BE54-9A1E7A4F7556}") = "ResumeTemplateService.Domain", "src\ResumeTemplateService.Domain\ResumeTemplateService.Domain.csproj", "{911633AC-D809-474E-B620-5598AE8C6B96}"
EndProject
Project("{9A19103F-16F7-4668-BE54-9A1E7A4F7556}") = "ResumeTemplateService.Infrastructure", "src\ResumeTemplateService.Infrastructure\ResumeTemplateService.Infrastructure.csproj", "{65F451ED-51AF-4AF4-9DF6-6094E9136584}"
EndProject
Global
	GlobalSection(SolutionConfigurationPlatforms) = preSolution
		Debug|Any CPU = Debug|Any CPU
		Release|Any CPU = Release|Any CPU
	EndGlobalSection
	GlobalSection(ProjectConfigurationPlatforms) = postSolution
		{A1E7B8C1-2D3E-4F5A-6B7C-8D9E0F1A2B3C}.Debug|Any CPU.ActiveCfg = Debug|Any CPU
		{A1E7B8C1-2D3E-4F5A-6B7C-8D9E0F1A2B3C}.Debug|Any CPU.Build.0 = Debug|Any CPU
		{A1E7B8C1-2D3E-4F5A-6B7C-8D9E0F1A2B3C}.Release|Any CPU.ActiveCfg = Release|Any CPU
		{A1E7B8C1-2D3E-4F5A-6B7C-8D9E0F1A2B3C}.Release|Any CPU.Build.0 = Release|Any CPU
		{B2F8C9D2-3E4F-5A6B-7C8D-9E0F1A2B3C4D}.Debug|Any CPU.ActiveCfg = Debug|Any CPU
		{B2F8C9D2-3E4F-5A6B-7C8D-9E0F1A2B3C4D}.Debug|Any CPU.Build.0 = Debug|Any CPU
		{B2F8C9D2-3E4F-5A6B-7C8D-9E0F1A2B3C4D}.Release|Any CPU.ActiveCfg = Release|Any CPU
		{B2F8C9D2-3E4F-5A6B-7C8D-9E0F1A2B3C4D}.Release|Any CPU.Build.0 = Release|Any CPU
		{911633AC-D809-474E-B620-5598AE8C6B96}.Debug|Any CPU.ActiveCfg = Debug|Any CPU
		{911633AC-D809-474E-B620-5598AE8C6B96}.Debug|Any CPU.Build.0 = Debug|Any CPU
		{911633AC-D809-474E-B620-5598AE8C6B96}.Release|Any CPU.ActiveCfg = Release|Any CPU
		{911633AC-D809-474E-B620-5598AE8C6B96}.Release|Any CPU.Build.0 = Release|Any CPU
		{65F451ED-51AF-4AF4-9DF6-6094E9136584}.Debug|Any CPU.ActiveCfg = Debug|Any CPU
		{65F451ED-51AF-4AF4-9DF6-6094E9136584}.Debug|Any CPU.Build.0 = Debug|Any CPU
		{65F451ED-51AF-4AF4-9DF6-6094E9136584}.Release|Any CPU.ActiveCfg = Release|Any CPU
		{65F451ED-51AF-4AF4-9DF6-6094E9136584}.Release|Any CPU.Build.0 = Release|Any CPU
	EndGlobalSection
	GlobalSection(SolutionProperties) = preSolution
		HideSolutionNode = FALSE
	EndGlobalSection
EndGlobal
